
Microsoft Visual Studio Solution File, Format Version 12.00
# Visual Studio Version 16
VisualStudioVersion = 16.0.32630.194
MinimumVisualStudioVersion = 10.0.40219.1
Project("{FAE04EC0-301F-11D3-BF4B-00C04F79EFBC}") = "StaticClass", "StaticClass\StaticClass.csproj", "{0507273E-344C-49FF-9E48-A1087FBF7CFA}"
EndProject
Global
	GlobalSection(SolutionConfigurationPlatforms) = preSolution
		Debug|Any CPU = Debug|Any CPU
		Release|Any CPU = Release|Any CPU
	EndGlobalSection
	GlobalSection(ProjectConfigurationPlatforms) = postSolution
		{0507273E-344C-49FF-9E48-A1087FBF7CFA}.Debug|Any CPU.ActiveCfg = Debug|Any CPU
		{0507273E-344C-49FF-9E48-A1087FBF7CFA}.Debug|Any CPU.Build.0 = Debug|Any CPU
		{0507273E-344C-49FF-9E48-A1087FBF7CFA}.Release|Any CPU.ActiveCfg = Release|Any CPU
		{0507273E-344C-49FF-9E48-A1087FBF7CFA}.Release|Any CPU.Build.0 = Release|Any CPU
	EndGlobalSection
	GlobalSection(SolutionProperties) = preSolution
		HideSolutionNode = FALSE
	EndGlobalSection
	GlobalSection(ExtensibilityGlobals) = postSolution
		SolutionGuid = {73E7CC7C-75AB-4F21-B919-C2CD67C40BA5}
	EndGlobalSection
EndGlobal
